
Microsoft Visual Studio Solution File, Format Version 12.00
# Visual Studio Version 16
VisualStudioVersion = 16.0.31729.503
MinimumVisualStudioVersion = 10.0.40219.1
Project("{FAE04EC0-301F-11D3-BF4B-00C04F79EFBC}") = "RavenCluster", "RavenCluster\RavenCluster.csproj", "{82EF8AEF-E6C4-4180-B88F-22C011A5388E}"
EndProject
Global
	GlobalSection(SolutionConfigurationPlatforms) = preSolution
		Debug|Any CPU = Debug|Any CPU
		Release|Any CPU = Release|Any CPU
	EndGlobalSection
	GlobalSection(ProjectConfigurationPlatforms) = postSolution
		{82EF8AEF-E6C4-4180-B88F-22C011A5388E}.Debug|Any CPU.ActiveCfg = Debug|Any CPU
		{82EF8AEF-E6C4-4180-B88F-22C011A5388E}.Debug|Any CPU.Build.0 = Debug|Any CPU
		{82EF8AEF-E6C4-4180-B88F-22C011A5388E}.Release|Any CPU.ActiveCfg = Release|Any CPU
		{82EF8AEF-E6C4-4180-B88F-22C011A5388E}.Release|Any CPU.Build.0 = Release|Any CPU
	EndGlobalSection
	GlobalSection(SolutionProperties) = preSolution
		HideSolutionNode = FALSE
	EndGlobalSection
	GlobalSection(ExtensibilityGlobals) = postSolution
		SolutionGuid = {414DECB8-CF6D-48BC-88E6-E63C60433201}
	EndGlobalSection
EndGlobal
